
Microsoft Visual Studio Solution File, Format Version 12.00
# Visual Studio 2013
VisualStudioVersion = 12.0.40629.0
MinimumVisualStudioVersion = 10.0.40219.1
Project("{FAE04EC0-301F-11D3-BF4B-00C04F79EFBC}") = "Lab1_GM", "Lab1_GM\Lab1_GM.csproj", "{783C7163-3D09-4CDC-8CAF-369C120E4E37}"
EndProject
Global
	GlobalSection(SolutionConfigurationPlatforms) = preSolution
		Debug|Any CPU = Debug|Any CPU
		Release|Any CPU = Release|Any CPU
	EndGlobalSection
	GlobalSection(ProjectConfigurationPlatforms) = postSolution
		{783C7163-3D09-4CDC-8CAF-369C120E4E37}.Debug|Any CPU.ActiveCfg = Debug|Any CPU
		{783C7163-3D09-4CDC-8CAF-369C120E4E37}.Debug|Any CPU.Build.0 = Debug|Any CPU
		{783C7163-3D09-4CDC-8CAF-369C120E4E37}.Release|Any CPU.ActiveCfg = Release|Any CPU
		{783C7163-3D09-4CDC-8CAF-369C120E4E37}.Release|Any CPU.Build.0 = Release|Any CPU
	EndGlobalSection
	GlobalSection(SolutionProperties) = preSolution
		HideSolutionNode = FALSE
	EndGlobalSection
EndGlobal
